PODS:
  - Capacitor (7.4.3):
    - CapacitorCordova
  - CapacitorApp (7.0.2):
    - Capacitor
  - CapacitorCamera (7.0.2):
    - Capacitor
  - CapacitorClipboard (7.0.2):
    - Capacitor
  - CapacitorCommunityContacts (7.0.0):
    - Capacitor
  - CapacitorCommunityScreenBrightness (7.0.0):
    - Capacitor
  - CapacitorCordova (7.4.3)
  - CapacitorDevice (7.0.2):
    - Capacitor
  - CapacitorFilesystem (7.1.4):
    - Capacitor
    - IONFilesystemLib (~> 1.0.1)
  - CapacitorHaptics (7.0.2):
    - Capacitor
  - CapacitorKeyboard (7.0.2):
    - Capacitor
  - CapacitorPreferences (7.0.2):
    - Capacitor
  - CapacitorShare (7.0.4):
    - Capacitor
  - CapacitorSplashScreen (7.0.2):
    - Capacitor
  - CapacitorStatusBar (7.0.2):
    - Capacitor
  - CapacitorToast (7.0.2):
    - Capacitor
  - CordovaPlugins (7.4.3):
    - CapacitorCordova
  - IONFilesystemLib (1.0.1)
  - SquareetlabsCapacitorNavigationBar (1.1.0):
    - Capacitor

DEPENDENCIES:
  - "Capacitor (from `../../node_modules/@capacitor/ios`)"
  - "CapacitorApp (from `../../node_modules/@capacitor/app`)"
  - "CapacitorCamera (from `../../node_modules/@capacitor/camera`)"
  - "CapacitorClipboard (from `../../node_modules/@capacitor/clipboard`)"
  - "CapacitorCommunityContacts (from `../../node_modules/@capacitor-community/contacts`)"
  - "CapacitorCommunityScreenBrightness (from `../../node_modules/@capacitor-community/screen-brightness`)"
  - "CapacitorCordova (from `../../node_modules/@capacitor/ios`)"
  - "CapacitorDevice (from `../../node_modules/@capacitor/device`)"
  - "CapacitorFilesystem (from `../../node_modules/@capacitor/filesystem`)"
  - "CapacitorHaptics (from `../../node_modules/@capacitor/haptics`)"
  - "CapacitorKeyboard (from `../../node_modules/@capacitor/keyboard`)"
  - "CapacitorPreferences (from `../../node_modules/@capacitor/preferences`)"
  - "CapacitorShare (from `../../node_modules/@capacitor/share`)"
  - "CapacitorSplashScreen (from `../../node_modules/@capacitor/splash-screen`)"
  - "CapacitorStatusBar (from `../../node_modules/@capacitor/status-bar`)"
  - "CapacitorToast (from `../../node_modules/@capacitor/toast`)"
  - CordovaPlugins (from `../capacitor-cordova-ios-plugins`)
  - "SquareetlabsCapacitorNavigationBar (from `../../node_modules/@squareetlabs/capacitor-navigation-bar`)"

SPEC REPOS:
  trunk:
    - IONFilesystemLib

EXTERNAL SOURCES:
  Capacitor:
    :path: "../../node_modules/@capacitor/ios"
  CapacitorApp:
    :path: "../../node_modules/@capacitor/app"
  CapacitorCamera:
    :path: "../../node_modules/@capacitor/camera"
  CapacitorClipboard:
    :path: "../../node_modules/@capacitor/clipboard"
  CapacitorCommunityContacts:
    :path: "../../node_modules/@capacitor-community/contacts"
  CapacitorCommunityScreenBrightness:
    :path: "../../node_modules/@capacitor-community/screen-brightness"
  CapacitorCordova:
    :path: "../../node_modules/@capacitor/ios"
  CapacitorDevice:
    :path: "../../node_modules/@capacitor/device"
  CapacitorFilesystem:
    :path: "../../node_modules/@capacitor/filesystem"
  CapacitorHaptics:
    :path: "../../node_modules/@capacitor/haptics"
  CapacitorKeyboard:
    :path: "../../node_modules/@capacitor/keyboard"
  CapacitorPreferences:
    :path: "../../node_modules/@capacitor/preferences"
  CapacitorShare:
    :path: "../../node_modules/@capacitor/share"
  CapacitorSplashScreen:
    :path: "../../node_modules/@capacitor/splash-screen"
  CapacitorStatusBar:
    :path: "../../node_modules/@capacitor/status-bar"
  CapacitorToast:
    :path: "../../node_modules/@capacitor/toast"
  CordovaPlugins:
    :path: "../capacitor-cordova-ios-plugins"
  SquareetlabsCapacitorNavigationBar:
    :path: "../../node_modules/@squareetlabs/capacitor-navigation-bar"

SPEC CHECKSUMS:
  Capacitor: b4741ca7affb32c1b70debd03df92cbf522d8a80
  CapacitorApp: efc1e9748a8ea5d3e789cd82a4f451341cc7ac93
  CapacitorCamera: 6e18d54c8ab30d7dc7b8cd93d96f9b4f57e9202a
  CapacitorClipboard: e8b3578b2fce3c4795a5bdf2990b3b7dcef83f65
  CapacitorCommunityContacts: d49af9c4727480c8f0e3d40bf61af9f3acbdd77c
  CapacitorCommunityScreenBrightness: a499535bc10120c29964a7fa50df235317d763ae
  CapacitorCordova: 435121e81a2df4d0034f0fb11fcefab5104cfdb5
  CapacitorDevice: a50a45f0d075e55e2392c7a4be5404d4f69515de
  CapacitorFilesystem: ac0a386949ed6c295a3dffa129ecd26b881ae5be
  CapacitorHaptics: 09d96bcb5a2b74ede8fd039b4cdf58fc43dcacf1
  CapacitorKeyboard: 056bbe3711830ccb782f1705a8ad183b27b6c51e
  CapacitorPreferences: b583b5deb74e564c35968189d25d32c0fd41200d
  CapacitorShare: 14b5d7f0a2c6de86dcad8995da80fb707ee32f62
  CapacitorSplashScreen: 8d6c8cb0542a8e81585c593815db8785ed8ce454
  CapacitorStatusBar: 5526833b87fa9c96a2a90c1322bb1f663c04505f
  CapacitorToast: e32c2b61a70d6fbd0633309c0807b4b9811768b4
  CordovaPlugins: 77bf54feaf5d90377bfd10ad20f10f256c2a1727
  IONFilesystemLib: 89258b8e3e85465da93127d25d7ce37f977e8a6f
  SquareetlabsCapacitorNavigationBar: b6e54a683e5504db259963b1daf27e723f3cce75

PODFILE CHECKSUM: a0fbdc395f2799b0005dac77735d9553b3367898

COCOAPODS: 1.15.2
